
Microsoft Visual Studio Solution File, Format Version 12.00
# Visual Studio Version 17
VisualStudioVersion = 17.9.34723.18
MinimumVisualStudioVersion = 10.0.40219.1
Project("{FAE04EC0-301F-11D3-BF4B-00C04F79EFBC}") = "RestoCommandModels", "RestoCommandModels.csproj", "{8B15505B-49EA-433F-BB44-ADE34F0CDBDB}"
EndProject
Global
	GlobalSection(SolutionConfigurationPlatforms) = preSolution
		Debug|Any CPU = Debug|Any CPU
		Release|Any CPU = Release|Any CPU
	EndGlobalSection
	GlobalSection(ProjectConfigurationPlatforms) = postSolution
		{8B15505B-49EA-433F-BB44-ADE34F0CDBDB}.Debug|Any CPU.ActiveCfg = Debug|Any CPU
		{8B15505B-49EA-433F-BB44-ADE34F0CDBDB}.Debug|Any CPU.Build.0 = Debug|Any CPU
		{8B15505B-49EA-433F-BB44-ADE34F0CDBDB}.Release|Any CPU.ActiveCfg = Release|Any CPU
		{8B15505B-49EA-433F-BB44-ADE34F0CDBDB}.Release|Any CPU.Build.0 = Release|Any CPU
	EndGlobalSection
	GlobalSection(SolutionProperties) = preSolution
		HideSolutionNode = FALSE
	EndGlobalSection
	GlobalSection(ExtensibilityGlobals) = postSolution
		SolutionGuid = {CC2FB4C5-31FF-45BB-B56A-C0E67C9D8904}
	EndGlobalSection
EndGlobal
